
Microsoft Visual Studio Solution File, Format Version 12.00
# Visual Studio Version 16
VisualStudioVersion = 16.0.29324.140
MinimumVisualStudioVersion = 10.0.40219.1
Project("{2150E333-8FDC-42A3-9474-1A3956D46DE8}") = "01-BootstrapperShell", "01-BootstrapperShell", "{3B288AB8-84AE-418A-8927-47507A2A7D7F}"
EndProject
Project("{9A19103F-16F7-4668-BE54-9A1E7A4F7556}") = "BootstrapperShell", "BootstrapperShell\BootstrapperShell.csproj", "{6139F1CE-DFA0-4DB3-8E62-357ECA3DCCAA}"
EndProject
Project("{2150E333-8FDC-42A3-9474-1A3956D46DE8}") = "02-Regions", "02-Regions", "{2A336E98-0B8D-433A-9358-EA9D8CC7CBA8}"
EndProject
Project("{9A19103F-16F7-4668-BE54-9A1E7A4F7556}") = "Regions", "Regions\Regions.csproj", "{A43BE757-75B6-42BE-ABA7-B979CBA11AA0}"
EndProject
Project("{2150E333-8FDC-42A3-9474-1A3956D46DE8}") = "03-CustomRegions", "03-CustomRegions", "{8AA9AAAF-DB48-4E34-9CB9-718B227983DE}"
EndProject
Project("{9A19103F-16F7-4668-BE54-9A1E7A4F7556}") = "CustomRegions", "CustomRegions\CustomRegions.csproj", "{DA6C4A85-775B-414F-86B8-9F04412E8AA6}"
EndProject
Project("{2150E333-8FDC-42A3-9474-1A3956D46DE8}") = "04-ViewDiscovery", "04-ViewDiscovery", "{7AB21C7A-B183-4D0D-9E66-27CC93711767}"
EndProject
Project("{9A19103F-16F7-4668-BE54-9A1E7A4F7556}") = "ViewDiscovery", "ViewDiscovery\ViewDiscovery.csproj", "{E8B9FB06-936B-4255-AE3D-31BD81EC579D}"
EndProject
Project("{2150E333-8FDC-42A3-9474-1A3956D46DE8}") = "05-ViewInjection", "05-ViewInjection", "{41AAD4E9-2B65-4A22-8328-8EFD427F09C3}"
EndProject
Project("{9A19103F-16F7-4668-BE54-9A1E7A4F7556}") = "ViewInjection", "ViewInjection\ViewInjection.csproj", "{3224EA53-2560-49F5-85AF-B40D9078A0D4}"
EndProject
Project("{2150E333-8FDC-42A3-9474-1A3956D46DE8}") = "06-ViewActivationDeactivation", "06-ViewActivationDeactivation", "{18C5D2D8-E1B0-4E70-ADA4-9487B24719B3}"
EndProject
Project("{9A19103F-16F7-4668-BE54-9A1E7A4F7556}") = "ActivationDeactivation", "ActivationDeactivation\ActivationDeactivation.csproj", "{C0F33005-1887-441D-902A-422545B9820F}"
EndProject
Project("{2150E333-8FDC-42A3-9474-1A3956D46DE8}") = "07-Modules - AppConfig", "07-Modules - AppConfig", "{ED4B64A7-3DB9-4D4F-A989-599085FA5FEA}"
EndProject
Project("{9A19103F-16F7-4668-BE54-9A1E7A4F7556}") = "Modules", "Modules\Modules.csproj", "{7A3B2184-CE18-420B-82D6-1819FA7319ED}"
EndProject
Project("{9A19103F-16F7-4668-BE54-9A1E7A4F7556}") = "ModuleA", "ModuleA\ModuleA.csproj", "{F0722B4E-4278-45F4-87F6-B5578F5700EC}"
EndProject
Project("{2150E333-8FDC-42A3-9474-1A3956D46DE8}") = "07-Modules - Code", "07-Modules - Code", "{B025BBEA-D70E-4848-B52B-3413A631EEAB}"
EndProject
Project("{9A19103F-16F7-4668-BE54-9A1E7A4F7556}") = "Modules2", "Modules2\Modules2.csproj", "{50086F9A-B789-4CF2-9B46-C2B2FACC364F}"
EndProject
Project("{9A19103F-16F7-4668-BE54-9A1E7A4F7556}") = "ModuleA2", "ModuleA2\ModuleA2.csproj", "{A698A1A1-408F-479E-AAE5-1EC796979CC7}"
EndProject
Project("{2150E333-8FDC-42A3-9474-1A3956D46DE8}") = "07-Modules - Directory", "07-Modules - Directory", "{E7DB198C-27EC-418C-97EE-4DCCA3EA9450}"
EndProject
Project("{9A19103F-16F7-4668-BE54-9A1E7A4F7556}") = "Modules3", "Modules3\Modules3.csproj", "{75373BB6-F10A-4C2D-88AA-B0166EBBF0A5}"
EndProject
Project("{9A19103F-16F7-4668-BE54-9A1E7A4F7556}") = "ModuleA3", "ModuleA3\ModuleA3.csproj", "{266E585C-CC4E-4C08-9B51-197A2402E692}"
EndProject
Project("{2150E333-8FDC-42A3-9474-1A3956D46DE8}") = "07-Modules - LoadManual", "07-Modules - LoadManual", "{E5889E00-8B7C-47C1-85AE-A98C7C7ADE30}"
EndProject
Project("{9A19103F-16F7-4668-BE54-9A1E7A4F7556}") = "Modules4", "Modules4\Modules4.csproj", "{A530BBFF-9FE1-45FD-B75F-FFF416227BFB}"
EndProject
Project("{9A19103F-16F7-4668-BE54-9A1E7A4F7556}") = "ModuleA4", "ModuleA4\ModuleA4.csproj", "{9722A1CA-3E77-478D-BF24-65AEA1A3C365}"
EndProject
Project("{2150E333-8FDC-42A3-9474-1A3956D46DE8}") = "08-ViewModelLocator", "08-ViewModelLocator", "{AC8B7411-9993-4252-AFBA-C1AD20D93A5F}"
EndProject
Project("{9A19103F-16F7-4668-BE54-9A1E7A4F7556}") = "ViewModelLocator", "ViewModelLocator\ViewModelLocator.csproj", "{39D6D932-2077-40A0-B662-3E1C38A3ADB4}"
EndProject
Project("{2150E333-8FDC-42A3-9474-1A3956D46DE8}") = "09-ChangeConvention", "09-ChangeConvention", "{BB7A45D8-E2D7-4781-8632-522746BCB1D1}"
EndProject
Project("{9A19103F-16F7-4668-BE54-9A1E7A4F7556}") = "ViewModelLocator2", "ViewModelLocator2\ViewModelLocator2.csproj", "{17D0FD06-C8C5-43E5-8CC0-5744D099D522}"
EndProject
Project("{2150E333-8FDC-42A3-9474-1A3956D46DE8}") = "10-CustomRegistrations", "10-CustomRegistrations", "{3071CF72-0153-4564-9145-0EB0DB168ED5}"
EndProject
Project("{9A19103F-16F7-4668-BE54-9A1E7A4F7556}") = "ViewModelLocator3", "ViewModelLocator3\ViewModelLocator3.csproj", "{0D679C39-72FE-4468-BAB1-1B9ACD81CFF1}"
EndProject
Project("{2150E333-8FDC-42A3-9474-1A3956D46DE8}") = "11-UsingDelegateCommands", "11-UsingDelegateCommands", "{92E7336A-E783-49F0-91F6-7F68FE126C32}"
EndProject
Project("{9A19103F-16F7-4668-BE54-9A1E7A4F7556}") = "UsingDelegateCommands", "UsingDelegateCommands\UsingDelegateCommands.csproj", "{7F916687-4E0A-4EEF-A8B4-51C2B1A1800B}"
EndProject
Project("{2150E333-8FDC-42A3-9474-1A3956D46DE8}") = "12-UsingCompositeCommands", "12-UsingCompositeCommands", "{EA704DC5-B4E2-4D51-AD15-EC7E2DDFA444}"
EndProject
Project("{9A19103F-16F7-4668-BE54-9A1E7A4F7556}") = "UsingCompositeCommands", "UsingCompositeCommands\UsingCompositeCommands.csproj", "{8A2E26AE-9721-4C64-8213-799EB1EE576D}"
EndProject
Project("{9A19103F-16F7-4668-BE54-9A1E7A4F7556}") = "ModuleA5", "ModuleA5\ModuleA5.csproj", "{FC57C726-B377-49C3-9634-6B55AAFC4FD9}"
EndProject
Project("{9A19103F-16F7-4668-BE54-9A1E7A4F7556}") = "UsingCompositeCommands.Core", "UsingCompositeCommands.Core\UsingCompositeCommands.Core.csproj", "{0C52D9DC-E290-4861-B262-B466107985E1}"
EndProject
Project("{2150E333-8FDC-42A3-9474-1A3956D46DE8}") = "13-IActiveAwareCommands", "13-IActiveAwareCommands", "{8D3643A0-41D9-4943-946B-E854FE9AE540}"
EndProject
Project("{9A19103F-16F7-4668-BE54-9A1E7A4F7556}") = "UsingCompositeCommands2.Core", "UsingCompositeCommands2.Core\UsingCompositeCommands2.Core.csproj", "{B1637753-A5BF-4649-A6BF-FB87D5AB6FD0}"
EndProject
Project("{9A19103F-16F7-4668-BE54-9A1E7A4F7556}") = "UsingCompositeCommands2", "UsingCompositeCommands2\UsingCompositeCommands2.csproj", "{7E6D68BC-3A07-40E0-9AC3-B996C30DC805}"
EndProject
Project("{FAE04EC0-301F-11D3-BF4B-00C04F79EFBC}") = "ModuleA6", "ModuleA6\ModuleA6.csproj", "{5A18B3E7-8E79-4807-916D-DDAF9A4DBDB1}"
EndProject
Global
	GlobalSection(SolutionConfigurationPlatforms) = preSolution
		Debug|Any CPU = Debug|Any CPU
		Release|Any CPU = Release|Any CPU
	EndGlobalSection
	GlobalSection(ProjectConfigurationPlatforms) = postSolution
		{6139F1CE-DFA0-4DB3-8E62-357ECA3DCCAA}.Debug|Any CPU.ActiveCfg = Debug|Any CPU
		{6139F1CE-DFA0-4DB3-8E62-357ECA3DCCAA}.Debug|Any CPU.Build.0 = Debug|Any CPU
		{6139F1CE-DFA0-4DB3-8E62-357ECA3DCCAA}.Release|Any CPU.ActiveCfg = Release|Any CPU
		{6139F1CE-DFA0-4DB3-8E62-357ECA3DCCAA}.Release|Any CPU.Build.0 = Release|Any CPU
		{A43BE757-75B6-42BE-ABA7-B979CBA11AA0}.Debug|Any CPU.ActiveCfg = Debug|Any CPU
		{A43BE757-75B6-42BE-ABA7-B979CBA11AA0}.Debug|Any CPU.Build.0 = Debug|Any CPU
		{A43BE757-75B6-42BE-ABA7-B979CBA11AA0}.Release|Any CPU.ActiveCfg = Release|Any CPU
		{A43BE757-75B6-42BE-ABA7-B979CBA11AA0}.Release|Any CPU.Build.0 = Release|Any CPU
		{DA6C4A85-775B-414F-86B8-9F04412E8AA6}.Debug|Any CPU.ActiveCfg = Debug|Any CPU
		{DA6C4A85-775B-414F-86B8-9F04412E8AA6}.Debug|Any CPU.Build.0 = Debug|Any CPU
		{DA6C4A85-775B-414F-86B8-9F04412E8AA6}.Release|Any CPU.ActiveCfg = Release|Any CPU
		{DA6C4A85-775B-414F-86B8-9F04412E8AA6}.Release|Any CPU.Build.0 = Release|Any CPU
		{E8B9FB06-936B-4255-AE3D-31BD81EC579D}.Debug|Any CPU.ActiveCfg = Debug|Any CPU
		{E8B9FB06-936B-4255-AE3D-31BD81EC579D}.Debug|Any CPU.Build.0 = Debug|Any CPU
		{E8B9FB06-936B-4255-AE3D-31BD81EC579D}.Release|Any CPU.ActiveCfg = Release|Any CPU
		{E8B9FB06-936B-4255-AE3D-31BD81EC579D}.Release|Any CPU.Build.0 = Release|Any CPU
		{3224EA53-2560-49F5-85AF-B40D9078A0D4}.Debug|Any CPU.ActiveCfg = Debug|Any CPU
		{3224EA53-2560-49F5-85AF-B40D9078A0D4}.Debug|Any CPU.Build.0 = Debug|Any CPU
		{3224EA53-2560-49F5-85AF-B40D9078A0D4}.Release|Any CPU.ActiveCfg = Release|Any CPU
		{3224EA53-2560-49F5-85AF-B40D9078A0D4}.Release|Any CPU.Build.0 = Release|Any CPU
		{C0F33005-1887-441D-902A-422545B9820F}.Debug|Any CPU.ActiveCfg = Debug|Any CPU
		{C0F33005-1887-441D-902A-422545B9820F}.Debug|Any CPU.Build.0 = Debug|Any CPU
		{C0F33005-1887-441D-902A-422545B9820F}.Release|Any CPU.ActiveCfg = Release|Any CPU
		{C0F33005-1887-441D-902A-422545B9820F}.Release|Any CPU.Build.0 = Release|Any CPU
		{7A3B2184-CE18-420B-82D6-1819FA7319ED}.Debug|Any CPU.ActiveCfg = Debug|Any CPU
		{7A3B2184-CE18-420B-82D6-1819FA7319ED}.Debug|Any CPU.Build.0 = Debug|Any CPU
		{7A3B2184-CE18-420B-82D6-1819FA7319ED}.Release|Any CPU.ActiveCfg = Release|Any CPU
		{7A3B2184-CE18-420B-82D6-1819FA7319ED}.Release|Any CPU.Build.0 = Release|Any CPU
		{F0722B4E-4278-45F4-87F6-B5578F5700EC}.Debug|Any CPU.ActiveCfg = Debug|Any CPU
		{F0722B4E-4278-45F4-87F6-B5578F5700EC}.Debug|Any CPU.Build.0 = Debug|Any CPU
		{F0722B4E-4278-45F4-87F6-B5578F5700EC}.Release|Any CPU.ActiveCfg = Release|Any CPU
		{F0722B4E-4278-45F4-87F6-B5578F5700EC}.Release|Any CPU.Build.0 = Release|Any CPU
		{50086F9A-B789-4CF2-9B46-C2B2FACC364F}.Debug|Any CPU.ActiveCfg = Debug|Any CPU
		{50086F9A-B789-4CF2-9B46-C2B2FACC364F}.Debug|Any CPU.Build.0 = Debug|Any CPU
		{50086F9A-B789-4CF2-9B46-C2B2FACC364F}.Release|Any CPU.ActiveCfg = Release|Any CPU
		{50086F9A-B789-4CF2-9B46-C2B2FACC364F}.Release|Any CPU.Build.0 = Release|Any CPU
		{A698A1A1-408F-479E-AAE5-1EC796979CC7}.Debug|Any CPU.ActiveCfg = Debug|Any CPU
		{A698A1A1-408F-479E-AAE5-1EC796979CC7}.Debug|Any CPU.Build.0 = Debug|Any CPU
		{A698A1A1-408F-479E-AAE5-1EC796979CC7}.Release|Any CPU.ActiveCfg = Release|Any CPU
		{A698A1A1-408F-479E-AAE5-1EC796979CC7}.Release|Any CPU.Build.0 = Release|Any CPU
		{75373BB6-F10A-4C2D-88AA-B0166EBBF0A5}.Debug|Any CPU.ActiveCfg = Debug|Any CPU
		{75373BB6-F10A-4C2D-88AA-B0166EBBF0A5}.Debug|Any CPU.Build.0 = Debug|Any CPU
		{75373BB6-F10A-4C2D-88AA-B0166EBBF0A5}.Release|Any CPU.ActiveCfg = Release|Any CPU
		{75373BB6-F10A-4C2D-88AA-B0166EBBF0A5}.Release|Any CPU.Build.0 = Release|Any CPU
		{266E585C-CC4E-4C08-9B51-197A2402E692}.Debug|Any CPU.ActiveCfg = Debug|Any CPU
		{266E585C-CC4E-4C08-9B51-197A2402E692}.Debug|Any CPU.Build.0 = Debug|Any CPU
		{266E585C-CC4E-4C08-9B51-197A2402E692}.Release|Any CPU.ActiveCfg = Release|Any CPU
		{266E585C-CC4E-4C08-9B51-197A2402E692}.Release|Any CPU.Build.0 = Release|Any CPU
		{A530BBFF-9FE1-45FD-B75F-FFF416227BFB}.Debug|Any CPU.ActiveCfg = Debug|Any CPU
		{A530BBFF-9FE1-45FD-B75F-FFF416227BFB}.Debug|Any CPU.Build.0 = Debug|Any CPU
		{A530BBFF-9FE1-45FD-B75F-FFF416227BFB}.Release|Any CPU.ActiveCfg = Release|Any CPU
		{A530BBFF-9FE1-45FD-B75F-FFF416227BFB}.Release|Any CPU.Build.0 = Release|Any CPU
		{9722A1CA-3E77-478D-BF24-65AEA1A3C365}.Debug|Any CPU.ActiveCfg = Debug|Any CPU
		{9722A1CA-3E77-478D-BF24-65AEA1A3C365}.Debug|Any CPU.Build.0 = Debug|Any CPU
		{9722A1CA-3E77-478D-BF24-65AEA1A3C365}.Release|Any CPU.ActiveCfg = Release|Any CPU
		{9722A1CA-3E77-478D-BF24-65AEA1A3C365}.Release|Any CPU.Build.0 = Release|Any CPU
		{39D6D932-2077-40A0-B662-3E1C38A3ADB4}.Debug|Any CPU.ActiveCfg = Debug|Any CPU
		{39D6D932-2077-40A0-B662-3E1C38A3ADB4}.Debug|Any CPU.Build.0 = Debug|Any CPU
		{39D6D932-2077-40A0-B662-3E1C38A3ADB4}.Release|Any CPU.ActiveCfg = Release|Any CPU
		{39D6D932-2077-40A0-B662-3E1C38A3ADB4}.Release|Any CPU.Build.0 = Release|Any CPU
		{17D0FD06-C8C5-43E5-8CC0-5744D099D522}.Debug|Any CPU.ActiveCfg = Debug|Any CPU
		{17D0FD06-C8C5-43E5-8CC0-5744D099D522}.Debug|Any CPU.Build.0 = Debug|Any CPU
		{17D0FD06-C8C5-43E5-8CC0-5744D099D522}.Release|Any CPU.ActiveCfg = Release|Any CPU
		{17D0FD06-C8C5-43E5-8CC0-5744D099D522}.Release|Any CPU.Build.0 = Release|Any CPU
		{0D679C39-72FE-4468-BAB1-1B9ACD81CFF1}.Debug|Any CPU.ActiveCfg = Debug|Any CPU
		{0D679C39-72FE-4468-BAB1-1B9ACD81CFF1}.Debug|Any CPU.Build.0 = Debug|Any CPU
		{0D679C39-72FE-4468-BAB1-1B9ACD81CFF1}.Release|Any CPU.ActiveCfg = Release|Any CPU
		{0D679C39-72FE-4468-BAB1-1B9ACD81CFF1}.Release|Any CPU.Build.0 = Release|Any CPU
		{7F916687-4E0A-4EEF-A8B4-51C2B1A1800B}.Debug|Any CPU.ActiveCfg = Debug|Any CPU
		{7F916687-4E0A-4EEF-A8B4-51C2B1A1800B}.Debug|Any CPU.Build.0 = Debug|Any CPU
		{7F916687-4E0A-4EEF-A8B4-51C2B1A1800B}.Release|Any CPU.ActiveCfg = Release|Any CPU
		{7F916687-4E0A-4EEF-A8B4-51C2B1A1800B}.Release|Any CPU.Build.0 = Release|Any CPU
		{8A2E26AE-9721-4C64-8213-799EB1EE576D}.Debug|Any CPU.ActiveCfg = Debug|Any CPU
		{8A2E26AE-9721-4C64-8213-799EB1EE576D}.Debug|Any CPU.Build.0 = Debug|Any CPU
		{8A2E26AE-9721-4C64-8213-799EB1EE576D}.Release|Any CPU.ActiveCfg = Release|Any CPU
		{8A2E26AE-9721-4C64-8213-799EB1EE576D}.Release|Any CPU.Build.0 = Release|Any CPU
		{FC57C726-B377-49C3-9634-6B55AAFC4FD9}.Debug|Any CPU.ActiveCfg = Debug|Any CPU
		{FC57C726-B377-49C3-9634-6B55AAFC4FD9}.Debug|Any CPU.Build.0 = Debug|Any CPU
		{FC57C726-B377-49C3-9634-6B55AAFC4FD9}.Release|Any CPU.ActiveCfg = Release|Any CPU
		{FC57C726-B377-49C3-9634-6B55AAFC4FD9}.Release|Any CPU.Build.0 = Release|Any CPU
		{0C52D9DC-E290-4861-B262-B466107985E1}.Debug|Any CPU.ActiveCfg = Debug|Any CPU
		{0C52D9DC-E290-4861-B262-B466107985E1}.Debug|Any CPU.Build.0 = Debug|Any CPU
		{0C52D9DC-E290-4861-B262-B466107985E1}.Release|Any CPU.ActiveCfg = Release|Any CPU
		{0C52D9DC-E290-4861-B262-B466107985E1}.Release|Any CPU.Build.0 = Release|Any CPU
		{B1637753-A5BF-4649-A6BF-FB87D5AB6FD0}.Debug|Any CPU.ActiveCfg = Debug|Any CPU
		{B1637753-A5BF-4649-A6BF-FB87D5AB6FD0}.Debug|Any CPU.Build.0 = Debug|Any CPU
		{B1637753-A5BF-4649-A6BF-FB87D5AB6FD0}.Release|Any CPU.ActiveCfg = Release|Any CPU
		{B1637753-A5BF-4649-A6BF-FB87D5AB6FD0}.Release|Any CPU.Build.0 = Release|Any CPU
		{7E6D68BC-3A07-40E0-9AC3-B996C30DC805}.Debug|Any CPU.ActiveCfg = Debug|Any CPU
		{7E6D68BC-3A07-40E0-9AC3-B996C30DC805}.Debug|Any CPU.Build.0 = Debug|Any CPU
		{7E6D68BC-3A07-40E0-9AC3-B996C30DC805}.Release|Any CPU.ActiveCfg = Release|Any CPU
		{7E6D68BC-3A07-40E0-9AC3-B996C30DC805}.Release|Any CPU.Build.0 = Release|Any CPU
		{5A18B3E7-8E79-4807-916D-DDAF9A4DBDB1}.Debug|Any CPU.ActiveCfg = Debug|Any CPU
		{5A18B3E7-8E79-4807-916D-DDAF9A4DBDB1}.Debug|Any CPU.Build.0 = Debug|Any CPU
		{5A18B3E7-8E79-4807-916D-DDAF9A4DBDB1}.Release|Any CPU.ActiveCfg = Release|Any CPU
		{5A18B3E7-8E79-4807-916D-DDAF9A4DBDB1}.Release|Any CPU.Build.0 = Release|Any CPU
	EndGlobalSection
	GlobalSection(SolutionProperties) = preSolution
		HideSolutionNode = FALSE
	EndGlobalSection
	GlobalSection(NestedProjects) = preSolution
		{6139F1CE-DFA0-4DB3-8E62-357ECA3DCCAA} = {3B288AB8-84AE-418A-8927-47507A2A7D7F}
		{A43BE757-75B6-42BE-ABA7-B979CBA11AA0} = {2A336E98-0B8D-433A-9358-EA9D8CC7CBA8}
		{DA6C4A85-775B-414F-86B8-9F04412E8AA6} = {8AA9AAAF-DB48-4E34-9CB9-718B227983DE}
		{E8B9FB06-936B-4255-AE3D-31BD81EC579D} = {7AB21C7A-B183-4D0D-9E66-27CC93711767}
		{3224EA53-2560-49F5-85AF-B40D9078A0D4} = {41AAD4E9-2B65-4A22-8328-8EFD427F09C3}
		{C0F33005-1887-441D-902A-422545B9820F} = {18C5D2D8-E1B0-4E70-ADA4-9487B24719B3}
		{7A3B2184-CE18-420B-82D6-1819FA7319ED} = {ED4B64A7-3DB9-4D4F-A989-599085FA5FEA}
		{F0722B4E-4278-45F4-87F6-B5578F5700EC} = {ED4B64A7-3DB9-4D4F-A989-599085FA5FEA}
		{50086F9A-B789-4CF2-9B46-C2B2FACC364F} = {B025BBEA-D70E-4848-B52B-3413A631EEAB}
		{A698A1A1-408F-479E-AAE5-1EC796979CC7} = {B025BBEA-D70E-4848-B52B-3413A631EEAB}
		{75373BB6-F10A-4C2D-88AA-B0166EBBF0A5} = {E7DB198C-27EC-418C-97EE-4DCCA3EA9450}
		{266E585C-CC4E-4C08-9B51-197A2402E692} = {E7DB198C-27EC-418C-97EE-4DCCA3EA9450}
		{A530BBFF-9FE1-45FD-B75F-FFF416227BFB} = {E5889E00-8B7C-47C1-85AE-A98C7C7ADE30}
		{9722A1CA-3E77-478D-BF24-65AEA1A3C365} = {E5889E00-8B7C-47C1-85AE-A98C7C7ADE30}
		{39D6D932-2077-40A0-B662-3E1C38A3ADB4} = {AC8B7411-9993-4252-AFBA-C1AD20D93A5F}
		{17D0FD06-C8C5-43E5-8CC0-5744D099D522} = {BB7A45D8-E2D7-4781-8632-522746BCB1D1}
		{0D679C39-72FE-4468-BAB1-1B9ACD81CFF1} = {3071CF72-0153-4564-9145-0EB0DB168ED5}
		{7F916687-4E0A-4EEF-A8B4-51C2B1A1800B} = {92E7336A-E783-49F0-91F6-7F68FE126C32}
		{8A2E26AE-9721-4C64-8213-799EB1EE576D} = {EA704DC5-B4E2-4D51-AD15-EC7E2DDFA444}
		{FC57C726-B377-49C3-9634-6B55AAFC4FD9} = {EA704DC5-B4E2-4D51-AD15-EC7E2DDFA444}
		{0C52D9DC-E290-4861-B262-B466107985E1} = {EA704DC5-B4E2-4D51-AD15-EC7E2DDFA444}
		{B1637753-A5BF-4649-A6BF-FB87D5AB6FD0} = {8D3643A0-41D9-4943-946B-E854FE9AE540}
		{7E6D68BC-3A07-40E0-9AC3-B996C30DC805} = {8D3643A0-41D9-4943-946B-E854FE9AE540}
		{5A18B3E7-8E79-4807-916D-DDAF9A4DBDB1} = {8D3643A0-41D9-4943-946B-E854FE9AE540}
	EndGlobalSection
	GlobalSection(ExtensibilityGlobals) = postSolution
		SolutionGuid = {54E7C8F6-F56F-4E96-B61B-EAFDC05B6CBE}
	EndGlobalSection
EndGlobal
