
Microsoft Visual Studio Solution File, Format Version 12.00
# Visual Studio Version 16
VisualStudioVersion = 16.0.29324.140
MinimumVisualStudioVersion = 10.0.40219.1
Project("{FAE04EC0-301F-11D3-BF4B-00C04F79EFBC}") = "NavigationParticipation", "NavigationParticipation\NavigationParticipation.csproj", "{B1191288-EB1D-4238-A334-D43A45902085}"
EndProject
Project("{FAE04EC0-301F-11D3-BF4B-00C04F79EFBC}") = "ModuleA", "ModuleA\ModuleA.csproj", "{D86E082F-DE14-4506-8FC2-B8AEEE3DE13C}"
EndProject
Global
	GlobalSection(SolutionConfigurationPlatforms) = preSolution
		Debug|Any CPU = Debug|Any CPU
		Release|Any CPU = Release|Any CPU
	EndGlobalSection
	GlobalSection(ProjectConfigurationPlatforms) = postSolution
		{B1191288-EB1D-4238-A334-D43A45902085}.Debug|Any CPU.ActiveCfg = Debug|Any CPU
		{B1191288-EB1D-4238-A334-D43A45902085}.Debug|Any CPU.Build.0 = Debug|Any CPU
		{B1191288-EB1D-4238-A334-D43A45902085}.Release|Any CPU.ActiveCfg = Release|Any CPU
		{B1191288-EB1D-4238-A334-D43A45902085}.Release|Any CPU.Build.0 = Release|Any CPU
		{D86E082F-DE14-4506-8FC2-B8AEEE3DE13C}.Debug|Any CPU.ActiveCfg = Debug|Any CPU
		{D86E082F-DE14-4506-8FC2-B8AEEE3DE13C}.Debug|Any CPU.Build.0 = Debug|Any CPU
		{D86E082F-DE14-4506-8FC2-B8AEEE3DE13C}.Release|Any CPU.ActiveCfg = Release|Any CPU
		{D86E082F-DE14-4506-8FC2-B8AEEE3DE13C}.Release|Any CPU.Build.0 = Release|Any CPU
	EndGlobalSection
	GlobalSection(SolutionProperties) = preSolution
		HideSolutionNode = FALSE
	EndGlobalSection
	GlobalSection(ExtensibilityGlobals) = postSolution
		SolutionGuid = {72442B6F-B004-4410-A46F-5AF5106D1DAB}
	EndGlobalSection
EndGlobal
